
Microsoft Visual Studio Solution File, Format Version 12.00
# Visual Studio Version 17
VisualStudioVersion = 17.9.34902.65
MinimumVisualStudioVersion = 10.0.40219.1
Project("{9A19103F-16F7-4668-BE54-9A1E7A4F7556}") = "Multiples3sAnd5s", "Multiples3sAnd5s\Multiples3sAnd5s.csproj", "{7BE998FF-F520-45FC-BF29-EC5819D64932}"
EndProject
Project("{FAE04EC0-301F-11D3-BF4B-00C04F79EFBC}") = "CodeChallenge2", "..\CodeChallenge2\CodeChallenge2.csproj", "{877C971A-BCDF-49E2-A617-0AFDED42FDC8}"
EndProject
Global
	GlobalSection(SolutionConfigurationPlatforms) = preSolution
		Debug|Any CPU = Debug|Any CPU
		Release|Any CPU = Release|Any CPU
	EndGlobalSection
	GlobalSection(ProjectConfigurationPlatforms) = postSolution
		{7BE998FF-F520-45FC-BF29-EC5819D64932}.Debug|Any CPU.ActiveCfg = Debug|Any CPU
		{7BE998FF-F520-45FC-BF29-EC5819D64932}.Debug|Any CPU.Build.0 = Debug|Any CPU
		{7BE998FF-F520-45FC-BF29-EC5819D64932}.Release|Any CPU.ActiveCfg = Release|Any CPU
		{7BE998FF-F520-45FC-BF29-EC5819D64932}.Release|Any CPU.Build.0 = Release|Any CPU
		{877C971A-BCDF-49E2-A617-0AFDED42FDC8}.Debug|Any CPU.ActiveCfg = Debug|Any CPU
		{877C971A-BCDF-49E2-A617-0AFDED42FDC8}.Debug|Any CPU.Build.0 = Debug|Any CPU
		{877C971A-BCDF-49E2-A617-0AFDED42FDC8}.Release|Any CPU.ActiveCfg = Release|Any CPU
		{877C971A-BCDF-49E2-A617-0AFDED42FDC8}.Release|Any CPU.Build.0 = Release|Any CPU
	EndGlobalSection
	GlobalSection(SolutionProperties) = preSolution
		HideSolutionNode = FALSE
	EndGlobalSection
	GlobalSection(ExtensibilityGlobals) = postSolution
		SolutionGuid = {81E47F19-E149-4874-9B2E-05F159960EDF}
	EndGlobalSection
EndGlobal
